{
  "name": "fatsecret-recipe-search-nodejs",
  "version": "1.0.0",
  "lockfileVersion": 3,
  "requires": true,
  "packages": {
    "": {
      "name": "fatsecret-recipe-search-nodejs",
      "version": "1.0.0",
      "license": "ISC",
      "dependencies": {
        "oauth": "^0.10.0"
      }
    },
    "node_modules/oauth": {
      "version": "0.10.2",
      "resolved": "https://registry.npmjs.org/oauth/-/oauth-0.10.2.tgz",
      "integrity": "sha512-JtFnB+8nxDEXgNyniwz573xxbKSOu3R8D40xQKqcjwJ2CDkYqUDI53o6IuzDJBx60Z8VKCm271+t8iFjakrl8Q==",
      "license": "MIT"
    }
  }
}
